
Microsoft Visual Studio Solution File, Format Version 9.00
# Visual Studio 2005
Project("{F184B08F-C81C-45F6-A57F-5ABD9991F28F}") = "PeriyodikCetvel2005", "PeriyodikCetvel2005\PeriyodikCetvel2005.vbproj", "{472ACF68-5FF1-4D6B-92E8-91B29B5D2C39}"
EndProject
Project("{F184B08F-C81C-45F6-A57F-5ABD9991F28F}") = "DLL_FileReaderWriter", "Dll_FileReaderWriter\DLL_FileReaderWriter\DLL_FileReaderWriter.vbproj", "{9A6B183E-E7DC-4A97-AC02-D3BBB95331DC}"
EndProject
Global
	GlobalSection(SolutionConfigurationPlatforms) = preSolution
		Debug|Any CPU = Debug|Any CPU
		Release|Any CPU = Release|Any CPU
	EndGlobalSection
	GlobalSection(ProjectConfigurationPlatforms) = postSolution
		{472ACF68-5FF1-4D6B-92E8-91B29B5D2C39}.Debug|Any CPU.ActiveCfg = Debug|Any CPU
		{472ACF68-5FF1-4D6B-92E8-91B29B5D2C39}.Debug|Any CPU.Build.0 = Debug|Any CPU
		{472ACF68-5FF1-4D6B-92E8-91B29B5D2C39}.Release|Any CPU.ActiveCfg = Release|Any CPU
		{472ACF68-5FF1-4D6B-92E8-91B29B5D2C39}.Release|Any CPU.Build.0 = Release|Any CPU
		{9A6B183E-E7DC-4A97-AC02-D3BBB95331DC}.Debug|Any CPU.ActiveCfg = Debug|Any CPU
		{9A6B183E-E7DC-4A97-AC02-D3BBB95331DC}.Debug|Any CPU.Build.0 = Debug|Any CPU
		{9A6B183E-E7DC-4A97-AC02-D3BBB95331DC}.Release|Any CPU.ActiveCfg = Release|Any CPU
		{9A6B183E-E7DC-4A97-AC02-D3BBB95331DC}.Release|Any CPU.Build.0 = Release|Any CPU
	EndGlobalSection
	GlobalSection(SolutionProperties) = preSolution
		HideSolutionNode = FALSE
	EndGlobalSection
EndGlobal
